
Microsoft Visual Studio Solution File, Format Version 12.00
# Visual Studio Version 16
VisualStudioVersion = 16.0.30320.27
MinimumVisualStudioVersion = 10.0.40219.1
Project("{9A19103F-16F7-4668-BE54-9A1E7A4F7556}") = "MessageBroker", "MessageBroker\MessageBroker.csproj", "{3FCCD281-B51C-46F7-86DE-F83E3ABB570A}"
EndProject
Project("{9A19103F-16F7-4668-BE54-9A1E7A4F7556}") = "MessageBroker.Test", "MessageBroker.Test\MessageBroker.Test.csproj", "{F4E4809F-B55B-416F-A322-B9F5E9B50680}"
EndProject
Global
	GlobalSection(SolutionConfigurationPlatforms) = preSolution
		Debug|Any CPU = Debug|Any CPU
		Release|Any CPU = Release|Any CPU
	EndGlobalSection
	GlobalSection(ProjectConfigurationPlatforms) = postSolution
		{3FCCD281-B51C-46F7-86DE-F83E3ABB570A}.Debug|Any CPU.ActiveCfg = Debug|Any CPU
		{3FCCD281-B51C-46F7-86DE-F83E3ABB570A}.Debug|Any CPU.Build.0 = Debug|Any CPU
		{3FCCD281-B51C-46F7-86DE-F83E3ABB570A}.Release|Any CPU.ActiveCfg = Release|Any CPU
		{3FCCD281-B51C-46F7-86DE-F83E3ABB570A}.Release|Any CPU.Build.0 = Release|Any CPU
		{F4E4809F-B55B-416F-A322-B9F5E9B50680}.Debug|Any CPU.ActiveCfg = Debug|Any CPU
		{F4E4809F-B55B-416F-A322-B9F5E9B50680}.Debug|Any CPU.Build.0 = Debug|Any CPU
		{F4E4809F-B55B-416F-A322-B9F5E9B50680}.Release|Any CPU.ActiveCfg = Release|Any CPU
		{F4E4809F-B55B-416F-A322-B9F5E9B50680}.Release|Any CPU.Build.0 = Release|Any CPU
	EndGlobalSection
	GlobalSection(SolutionProperties) = preSolution
		HideSolutionNode = FALSE
	EndGlobalSection
	GlobalSection(ExtensibilityGlobals) = postSolution
		SolutionGuid = {E48875DD-C21C-4DFF-83D0-EC7C65804078}
	EndGlobalSection
EndGlobal
